// !$*UTF8*$!
{
	archiveVersion = 1;
	classes = {
	};
	objectVersion = 77;
	objects = {

/* Begin PBXBuildFile section */
		BF7029232FD71AFA00130D29 /* FirebaseAnalytics in Frameworks */ = {isa = PBXBuildFile; productRef = BF7029222FD71AFA00130D29 /* FirebaseAnalytics */; };
		BF7029252FD71AFA00130D29 /* FirebaseAnalyticsCore in Frameworks */ = {isa = PBXBuildFile; productRef = BF7029242FD71AFA00130D29 /* FirebaseAnalyticsCore */; };
		BF7029272FD71AFA00130D29 /* FirebaseAppCheck in Frameworks */ = {isa = PBXBuildFile; productRef = BF7029262FD71AFA00130D29 /* FirebaseAppCheck */; };
		BF7029292FD71AFA00130D29 /* FirebaseAuth in Frameworks */ = {isa = PBXBuildFile; productRef = BF7029282FD71AFA00130D29 /* FirebaseAuth */; };
		BF70292B2FD71AFA00130D29 /* FirebaseCore in Frameworks */ = {isa = PBXBuildFile; productRef = BF70292A2FD71AFA00130D29 /* FirebaseCore */; };
		BF70292D2FD71AFA00130D29 /* FirebaseDatabase in Frameworks */ = {isa = PBXBuildFile; productRef = BF70292C2FD71AFA00130D29 /* FirebaseDatabase */; };
		BF70292F2FD71AFA00130D29 /* FirebaseFirestore in Frameworks */ = {isa = PBXBuildFile; productRef = BF70292E2FD71AFA00130D29 /* FirebaseFirestore */; };
		BF7029312FD71AFA00130D29 /* FirebaseStorage in Frameworks */ = {isa = PBXBuildFile; productRef = BF7029302FD71AFA00130D29 /* FirebaseStorage */; };
/* End PBXBuildFile section */

/* Begin PBXContainerItemProxy section */
		FAA75CDA2FD15AC600F1A724 /* PBXContainerItemProxy */ = {
			isa = PBXContainerItemProxy;
			containerPortal = FAA75CC42FD15AC300F1A724 /* Project object */;
			proxyType = 1;
			remoteGlobalIDString = FAA75CCB2FD15AC300F1A724;
			remoteInfo = AquaAlert;
		};
		FAA75CE42FD15AC600F1A724 /* PBXContainerItemProxy */ = {
			isa = PBXContainerItemProxy;
			containerPortal = FAA75CC42FD15AC300F1A724 /* Project object */;
			proxyType = 1;
			remoteGlobalIDString = FAA75CCB2FD15AC300F1A724;
			remoteInfo = AquaAlert;
		};
/* End PBXContainerItemProxy section */

/* Begin PBXFileReference section */
		FAA75CCC2FD15AC300F1A724 /* AquaAlert.app */ = {isa = PBXFileReference; explicitFileType = wrapper.application; includeInIndex = 0; path = AquaAlert.app; sourceTree = BUILT_PRODUCTS_DIR; };
		FAA75CD92FD15AC600F1A724 /* AquaAlertTests.xctest */ = {isa = PBXFileReference; explicitFileType = wrapper.cfbundle; includeInIndex = 0; path = AquaAlertTests.xctest; sourceTree = BUILT_PRODUCTS_DIR; };
		FAA75CE32FD15AC600F1A724 /* AquaAlertUITests.xctest */ = {isa = PBXFileReference; explicitFileType = wrapper.cfbundle; includeInIndex = 0; path = AquaAlertUITests.xctest; sourceTree = BUILT_PRODUCTS_DIR; };
/* End PBXFileReference section */

/* Begin PBXFileSystemSynchronizedRootGroup section */
		FAA75CCE2FD15AC300F1A724 /* AquaAlert */ = {
			isa = PBXFileSystemSynchronizedRootGroup;
			path = AquaAlert;
			sourceTree = "<group>";
		};
		FAA75CDC2FD15AC600F1A724 /* AquaAlertTests */ = {
			isa = PBXFileSystemSynchronizedRootGroup;
			path = AquaAlertTests;
			sourceTree = "<group>";
		};
		FAA75CE62FD15AC600F1A724 /* AquaAlertUITests */ = {
			isa = PBXFileSystemSynchronizedRootGroup;
			path = AquaAlertUITests;
			sourceTree = "<group>";
		};
/* End PBXFileSystemSynchronizedRootGroup section */

/* Begin PBXFrameworksBuildPhase section */
		FAA75CC92FD15AC300F1A724 /* Frameworks */ = {
			isa = PBXFrameworksBuildPhase;
			buildActionMask = 2147483647;
			files = (
				BF70292D2FD71AFA00130D29 /* FirebaseDatabase in Frameworks */,
				BF7029232FD71AFA00130D29 /* FirebaseAnalytics in Frameworks */,
				BF70292B2FD71AFA00130D29 /* FirebaseCore in Frameworks */,
				BF7029272FD71AFA00130D29 /* FirebaseAppCheck in Frameworks */,
				BF7029252FD71AFA00130D29 /* FirebaseAnalyticsCore in Frameworks */,
				BF7029312FD71AFA00130D29 /* FirebaseStorage in Frameworks */,
				BF7029292FD71AFA00130D29 /* FirebaseAuth in Frameworks */,
				BF70292F2FD71AFA00130D29 /* FirebaseFirestore in Frameworks */,
			);
			runOnlyForDeploymentPostprocessing = 0;
		};
		FAA75CD62FD15AC600F1A724 /* Frameworks */ = {
			isa = PBXFrameworksBuildPhase;
			buildActionMask = 2147483647;
			files = (
			);
			runOnlyForDeploymentPostprocessing = 0;
		};
		FAA75CE02FD15AC600F1A724 /* Frameworks */ = {
			isa = PBXFrameworksBuildPhase;
			buildActionMask = 2147483647;
			files = (
			);
			runOnlyForDeploymentPostprocessing = 0;
		};
/* End PBXFrameworksBuildPhase section */

/* Begin PBXGroup section */
		FAA75CC32FD15AC300F1A724 = {
			isa = PBXGroup;
			children = (
				FAA75CCE2FD15AC300F1A724 /* AquaAlert */,
				FAA75CDC2FD15AC600F1A724 /* AquaAlertTests */,
				FAA75CE62FD15AC600F1A724 /* AquaAlertUITests */,
				FAA75CCD2FD15AC300F1A724 /* Products */,
			);
			sourceTree = "<group>";
		};
		FAA75CCD2FD15AC300F1A724 /* Products */ = {
			isa = PBXGroup;
			children = (
				FAA75CCC2FD15AC300F1A724 /* AquaAlert.app */,
				FAA75CD92FD15AC600F1A724 /* AquaAlertTests.xctest */,
				FAA75CE32FD15AC600F1A724 /* AquaAlertUITests.xctest */,
			);
			name = Products;
			sourceTree = "<group>";
		};
/* End PBXGroup section */

/* Begin PBXNativeTarget section */
		FAA75CCB2FD15AC300F1A724 /* AquaAlert */ = {
			isa = PBXNativeTarget;
			buildConfigurationList = FAA75CED2FD15AC600F1A724 /* Build configuration list for PBXNativeTarget "AquaAlert" */;
			buildPhases = (
				FAA75CC82FD15AC300F1A724 /* Sources */,
				FAA75CC92FD15AC300F1A724 /* Frameworks */,
				FAA75CCA2FD15AC300F1A724 /* Resources */,
			);
			buildRules = (
			);
			dependencies = (
			);
			fileSystemSynchronizedGroups = (
				FAA75CCE2FD15AC300F1A724 /* AquaAlert */,
			);
			name = AquaAlert;
			packageProductDependencies = (
				BF7029222FD71AFA00130D29 /* FirebaseAnalytics */,
				BF7029242FD71AFA00130D29 /* FirebaseAnalyticsCore */,
				BF7029262FD71AFA00130D29 /* FirebaseAppCheck */,
				BF7029282FD71AFA00130D29 /* FirebaseAuth */,
				BF70292A2FD71AFA00130D29 /* FirebaseCore */,
				BF70292C2FD71AFA00130D29 /* FirebaseDatabase */,
				BF70292E2FD71AFA00130D29 /* FirebaseFirestore */,
				BF7029302FD71AFA00130D29 /* FirebaseStorage */,
			);
			productName = AquaAlert;
			productReference = FAA75CCC2FD15AC300F1A724 /* AquaAlert.app */;
			productType = "com.apple.product-type.application";
		};
		FAA75CD82FD15AC600F1A724 /* AquaAlertTests */ = {
			isa = PBXNativeTarget;
			buildConfigurationList = FAA75CF02FD15AC600F1A724 /* Build configuration list for PBXNativeTarget "AquaAlertTests" */;
			buildPhases = (
				FAA75CD52FD15AC600F1A724 /* Sources */,
				FAA75CD62FD15AC600F1A724 /* Frameworks */,
				FAA75CD72FD15AC600F1A724 /* Resources */,
			);
			buildRules = (
			);
			dependencies = (
				FAA75CDB2FD15AC600F1A724 /* PBXTargetDependency */,
			);
			fileSystemSynchronizedGroups = (
				FAA75CDC2FD15AC600F1A724 /* AquaAlertTests */,
			);
			name = AquaAlertTests;
			packageProductDependencies = (
			);
			productName = AquaAlertTests;
			productReference = FAA75CD92FD15AC600F1A724 /* AquaAlertTests.xctest */;
			productType = "com.apple.product-type.bundle.unit-test";
		};
		FAA75CE22FD15AC600F1A724 /* AquaAlertUITests */ = {
			isa = PBXNativeTarget;
			buildConfigurationList = FAA75CF32FD15AC600F1A724 /* Build configuration list for PBXNativeTarget "AquaAlertUITests" */;
			buildPhases = (
				FAA75CDF2FD15AC600F1A724 /* Sources */,
				FAA75CE02FD15AC600F1A724 /* Frameworks */,
				FAA75CE12FD15AC600F1A724 /* Resources */,
			);
			buildRules = (
			);
			dependencies = (
				FAA75CE52FD15AC600F1A724 /* PBXTargetDependency */,
			);
			fileSystemSynchronizedGroups = (
				FAA75CE62FD15AC600F1A724 /* AquaAlertUITests */,
			);
			name = AquaAlertUITests;
			packageProductDependencies = (
			);
			productName = AquaAlertUITests;
			productReference = FAA75CE32FD15AC600F1A724 /* AquaAlertUITests.xctest */;
			productType = "com.apple.product-type.bundle.ui-testing";
		};
/* End PBXNativeTarget section */

/* Begin PBXProject section */
		FAA75CC42FD15AC300F1A724 /* Project object */ = {
			isa = PBXProject;
			attributes = {
				BuildIndependentTargetsInParallel = 1;
				LastSwiftUpdateCheck = 2620;
				LastUpgradeCheck = 2620;
				TargetAttributes = {
					FAA75CCB2FD15AC300F1A724 = {
						CreatedOnToolsVersion = 26.2;
					};
					FAA75CD82FD15AC600F1A724 = {
						CreatedOnToolsVersion = 26.2;
						TestTargetID = FAA75CCB2FD15AC300F1A724;
					};
					FAA75CE22FD15AC600F1A724 = {
						CreatedOnToolsVersion = 26.2;
						TestTargetID = FAA75CCB2FD15AC300F1A724;
					};
				};
			};
			buildConfigurationList = FAA75CC72FD15AC300F1A724 /* Build configuration list for PBXProject "AquaAlert" */;
			developmentRegion = en;
			hasScannedForEncodings = 0;
			knownRegions = (
				en,
				Base,
			);
			mainGroup = FAA75CC32FD15AC300F1A724;
			minimizedProjectReferenceProxies = 1;
			packageReferences = (
				BF7029212FD71AFA00130D29 /* XCRemoteSwiftPackageReference "firebase-ios-sdk" */,
			);
			preferredProjectObjectVersion = 77;
			productRefGroup = FAA75CCD2FD15AC300F1A724 /* Products */;
			projectDirPath = "";
			projectRoot = "";
			targets = (
				FAA75CCB2FD15AC300F1A724 /* AquaAlert */,
				FAA75CD82FD15AC600F1A724 /* AquaAlertTests */,
				FAA75CE22FD15AC600F1A724 /* AquaAlertUITests */,
			);
		};
/* End PBXProject section */

/* Begin PBXResourcesBuildPhase section */
		FAA75CCA2FD15AC300F1A724 /* Resources */ = {
			isa = PBXResourcesBuildPhase;
			buildActionMask = 2147483647;
			files = (
			);
			runOnlyForDeploymentPostprocessing = 0;
		};
		FAA75CD72FD15AC600F1A724 /* Resources */ = {
			isa = PBXResourcesBuildPhase;
			buildActionMask = 2147483647;
			files = (
			);
			runOnlyForDeploymentPostprocessing = 0;
		};
		FAA75CE12FD15AC600F1A724 /* Resources */ = {
			isa = PBXResourcesBuildPhase;
			buildActionMask = 2147483647;
			files = (
			);
			runOnlyForDeploymentPostprocessing = 0;
		};
/* End PBXResourcesBuildPhase section */

/* Begin PBXSourcesBuildPhase section */
		FAA75CC82FD15AC300F1A724 /* Sources */ = {
			isa = PBXSourcesBuildPhase;
			buildActionMask = 2147483647;
			files = (
			);
			runOnlyForDeploymentPostprocessing = 0;
		};
		FAA75CD52FD15AC600F1A724 /* Sources */ = {
			isa = PBXSourcesBuildPhase;
			buildActionMask = 2147483647;
			files = (
			);
			runOnlyForDeploymentPostprocessing = 0;
		};
		FAA75CDF2FD15AC600F1A724 /* Sources */ = {
			isa = PBXSourcesBuildPhase;
			buildActionMask = 2147483647;
			files = (
			);
			runOnlyForDeploymentPostprocessing = 0;
		};
/* End PBXSourcesBuildPhase section */

/* Begin PBXTargetDependency section */
		FAA75CDB2FD15AC600F1A724 /* PBXTargetDependency */ = {
			isa = PBXTargetDependency;
			target = FAA75CCB2FD15AC300F1A724 /* AquaAlert */;
			targetProxy = FAA75CDA2FD15AC600F1A724 /* PBXContainerItemProxy */;
		};
		FAA75CE52FD15AC600F1A724 /* PBXTargetDependency */ = {
			isa = PBXTargetDependency;
			target = FAA75CCB2FD15AC300F1A724 /* AquaAlert */;
			targetProxy = FAA75CE42FD15AC600F1A724 /* PBXContainerItemProxy */;
		};
/* End PBXTargetDependency section */

/* Begin XCBuildConfiguration section */
		FAA75CEB2FD15AC600F1A724 /* Debug */ = {
			isa = XCBuildConfiguration;
			buildSettings = {
				ALWAYS_SEARCH_USER_PATHS = NO;
				ASSETCATALOG_COMPILER_GENERATE_SWIFT_ASSET_SYMBOL_EXTENSIONS = YES;
				CLANG_ANALYZER_NONNULL = YES;
				CLANG_ANALYZER_NUMBER_OBJECT_CONVERSION = YES_AGGRESSIVE;
				CLANG_CXX_LANGUAGE_STANDARD = "gnu++20";
				CLANG_ENABLE_MODULES = YES;
				CLANG_ENABLE_OBJC_ARC = YES;
				CLANG_ENABLE_OBJC_WEAK = YES;
				CLANG_WARN_BLOCK_CAPTURE_AUTORELEASING = YES;
				CLANG_WARN_BOOL_CONVERSION = YES;
				CLANG_WARN_COMMA = YES;
				CLANG_WARN_CONSTANT_CONVERSION = YES;
				CLANG_WARN_DEPRECATED_OBJC_IMPLEMENTATIONS = YES;
				CLANG_WARN_DIRECT_OBJC_ISA_USAGE = YES_ERROR;
				CLANG_WARN_DOCUMENTATION_COMMENTS = YES;
				CLANG_WARN_EMPTY_BODY = YES;
				CLANG_WARN_ENUM_CONVERSION = YES;
				CLANG_WARN_INFINITE_RECURSION = YES;
				CLANG_WARN_INT_CONVERSION = YES;
				CLANG_WARN_NON_LITERAL_NULL_CONVERSION = YES;
				CLANG_WARN_OBJC_IMPLICIT_RETAIN_SELF = YES;
				CLANG_WARN_OBJC_LITERAL_CONVERSION = YES;
				CLANG_WARN_OBJC_ROOT_CLASS = YES_ERROR;
				CLANG_WARN_QUOTED_INCLUDE_IN_FRAMEWORK_HEADER = YES;
				CLANG_WARN_RANGE_LOOP_ANALYSIS = YES;
				CLANG_WARN_STRICT_PROTOTYPES = YES;
				CLANG_WARN_SUSPICIOUS_MOVE = YES;
				CLANG_WARN_UNGUARDED_AVAILABILITY = YES_AGGRESSIVE;
				CLANG_WARN_UNREACHABLE_CODE = YES;
				CLANG_WARN__DUPLICATE_METHOD_MATCH = YES;
				COPY_PHASE_STRIP = NO;
				DEBUG_INFORMATION_FORMAT = dwarf;
				ENABLE_STRICT_OBJC_MSGSEND = YES;
				ENABLE_TESTABILITY = YES;
				ENABLE_USER_SCRIPT_SANDBOXING = YES;
				GCC_C_LANGUAGE_STANDARD = gnu17;
				GCC_DYNAMIC_NO_PIC = NO;
				GCC_NO_COMMON_BLOCKS = YES;
				GCC_OPTIMIZATION_LEVEL = 0;
				GCC_PREPROCESSOR_DEFINITIONS = (
					"DEBUG=1",
					"$(inherited)",
				);
				GCC_WARN_64_TO_32_BIT_CONVERSION = YES;
				GCC_WARN_ABOUT_RETURN_TYPE = YES_ERROR;
				GCC_WARN_UNDECLARED_SELECTOR = YES;
				GCC_WARN_UNINITIALIZED_AUTOS = YES_AGGRESSIVE;
				GCC_WARN_UNUSED_FUNCTION = YES;
				GCC_WARN_UNUSED_VARIABLE = YES;
				IPHONEOS_DEPLOYMENT_TARGET = 26.2;
				LOCALIZATION_PREFERS_STRING_CATALOGS = YES;
				MTL_ENABLE_DEBUG_INFO = INCLUDE_SOURCE;
				MTL_FAST_MATH = YES;
				ONLY_ACTIVE_ARCH = YES;
				SDKROOT = iphoneos;
				SWIFT_ACTIVE_COMPILATION_CONDITIONS = "DEBUG $(inherited)";
				SWIFT_OPTIMIZATION_LEVEL = "-Onone";
			};
			name = Debug;
		};
		FAA75CEC2FD15AC600F1A724 /* Release */ = {
			isa = XCBuildConfiguration;
			buildSettings = {
				ALWAYS_SEARCH_USER_PATHS = NO;
				ASSETCATALOG_COMPILER_GENERATE_SWIFT_ASSET_SYMBOL_EXTENSIONS = YES;
				CLANG_ANALYZER_NONNULL = YES;
				CLANG_ANALYZER_NUMBER_OBJECT_CONVERSION = YES_AGGRESSIVE;
				CLANG_CXX_LANGUAGE_STANDARD = "gnu++20";
				CLANG_ENABLE_MODULES = YES;
				CLANG_ENABLE_OBJC_ARC = YES;
				CLANG_ENABLE_OBJC_WEAK = YES;
				CLANG_WARN_BLOCK_CAPTURE_AUTORELEASING = YES;
				CLANG_WARN_BOOL_CONVERSION = YES;
				CLANG_WARN_COMMA = YES;
				CLANG_WARN_CONSTANT_CONVERSION = YES;
				CLANG_WARN_DEPRECATED_OBJC_IMPLEMENTATIONS = YES;
				CLANG_WARN_DIRECT_OBJC_ISA_USAGE = YES_ERROR;
				CLANG_WARN_DOCUMENTATION_COMMENTS = YES;
				CLANG_WARN_EMPTY_BODY = YES;
				CLANG_WARN_ENUM_CONVERSION = YES;
				CLANG_WARN_INFINITE_RECURSION = YES;
				CLANG_WARN_INT_CONVERSION = YES;
				CLANG_WARN_NON_LITERAL_NULL_CONVERSION = YES;
				CLANG_WARN_OBJC_IMPLICIT_RETAIN_SELF = YES;
				CLANG_WARN_OBJC_LITERAL_CONVERSION = YES;
				CLANG_WARN_OBJC_ROOT_CLASS = YES_ERROR;
				CLANG_WARN_QUOTED_INCLUDE_IN_FRAMEWORK_HEADER = YES;
				CLANG_WARN_RANGE_LOOP_ANALYSIS = YES;
				CLANG_WARN_STRICT_PROTOTYPES = YES;
				CLANG_WARN_SUSPICIOUS_MOVE = YES;
				CLANG_WARN_UNGUARDED_AVAILABILITY = YES_AGGRESSIVE;
				CLANG_WARN_UNREACHABLE_CODE = YES;
				CLANG_WARN__DUPLICATE_METHOD_MATCH = YES;
				COPY_PHASE_STRIP = NO;
				DEBUG_INFORMATION_FORMAT = "dwarf-with-dsym";
				ENABLE_NS_ASSERTIONS = NO;
				ENABLE_STRICT_OBJC_MSGSEND = YES;
				ENABLE_USER_SCRIPT_SANDBOXING = YES;
				GCC_C_LANGUAGE_STANDARD = gnu17;
				GCC_NO_COMMON_BLOCKS = YES;
				GCC_WARN_64_TO_32_BIT_CONVERSION = YES;
				GCC_WARN_ABOUT_RETURN_TYPE = YES_ERROR;
				GCC_WARN_UNDECLARED_SELECTOR = YES;
				GCC_WARN_UNINITIALIZED_AUTOS = YES_AGGRESSIVE;
				GCC_WARN_UNUSED_FUNCTION = YES;
				GCC_WARN_UNUSED_VARIABLE = YES;
				IPHONEOS_DEPLOYMENT_TARGET = 26.2;
				LOCALIZATION_PREFERS_STRING_CATALOGS = YES;
				MTL_ENABLE_DEBUG_INFO = NO;
				MTL_FAST_MATH = YES;
				SDKROOT = iphoneos;
				SWIFT_COMPILATION_MODE = wholemodule;
				VALIDATE_PRODUCT = YES;
			};
			name = Release;
		};
		FAA75CEE2FD15AC600F1A724 /* Debug */ = {
			isa = XCBuildConfiguration;
			buildSettings = {
				ASSETCATALOG_COMPILER_APPICON_NAME = AppIcon;
				ASSETCATALOG_COMPILER_GLOBAL_ACCENT_COLOR_NAME = AccentColor;
				CODE_SIGN_STYLE = Automatic;
				CURRENT_PROJECT_VERSION = 1;
				ENABLE_PREVIEWS = YES;
				GENERATE_INFOPLIST_FILE = YES;
				INFOPLIST_KEY_UIApplicationSceneManifest_Generation = YES;
				INFOPLIST_KEY_UIApplicationSupportsIndirectInputEvents = YES;
				INFOPLIST_KEY_UILaunchScreen_Generation = YES;
				INFOPLIST_KEY_UISupportedInterfaceOrientations_iPad = "UIInterfaceOrientationPortrait UIInterfaceOrientationPortraitUpsideDown UIInterfaceOrientationLandscapeLeft UIInterfaceOrientationLandscapeRight";
				INFOPLIST_KEY_UISupportedInterfaceOrientations_iPhone = "UIInterfaceOrientationPortrait UIInterfaceOrientationLandscapeLeft UIInterfaceOrientationLandscapeRight";
				LD_RUNPATH_SEARCH_PATHS = (
					"$(inherited)",
					"@executable_path/Frameworks",
				);
				MARKETING_VERSION = 1.0;
				PRODUCT_BUNDLE_IDENTIFIER = com.se.AquaAlert;
				PRODUCT_NAME = "$(TARGET_NAME)";
				STRING_CATALOG_GENERATE_SYMBOLS = YES;
				SWIFT_APPROACHABLE_CONCURRENCY = YES;
				SWIFT_DEFAULT_ACTOR_ISOLATION = MainActor;
				SWIFT_EMIT_LOC_STRINGS = YES;
				SWIFT_UPCOMING_FEATURE_MEMBER_IMPORT_VISIBILITY = YES;
				SWIFT_VERSION = 5.0;
				TARGETED_DEVICE_FAMILY = "1,2";
			};
			name = Debug;
		};
		FAA75CEF2FD15AC600F1A724 /* Release */ = {
			isa = XCBuildConfiguration;
			buildSettings = {
				ASSETCATALOG_COMPILER_APPICON_NAME = AppIcon;
				ASSETCATALOG_COMPILER_GLOBAL_ACCENT_COLOR_NAME = AccentColor;
				CODE_SIGN_STYLE = Automatic;
				CURRENT_PROJECT_VERSION = 1;
				ENABLE_PREVIEWS = YES;
				GENERATE_INFOPLIST_FILE = YES;
				INFOPLIST_KEY_UIApplicationSceneManifest_Generation = YES;
				INFOPLIST_KEY_UIApplicationSupportsIndirectInputEvents = YES;
				INFOPLIST_KEY_UILaunchScreen_Generation = YES;
				INFOPLIST_KEY_UISupportedInterfaceOrientations_iPad = "UIInterfaceOrientationPortrait UIInterfaceOrientationPortraitUpsideDown UIInterfaceOrientationLandscapeLeft UIInterfaceOrientationLandscapeRight";
				INFOPLIST_KEY_UISupportedInterfaceOrientations_iPhone = "UIInterfaceOrientationPortrait UIInterfaceOrientationLandscapeLeft UIInterfaceOrientationLandscapeRight";
				LD_RUNPATH_SEARCH_PATHS = (
					"$(inherited)",
					"@executable_path/Frameworks",
				);
				MARKETING_VERSION = 1.0;
				PRODUCT_BUNDLE_IDENTIFIER = com.se.AquaAlert;
				PRODUCT_NAME = "$(TARGET_NAME)";
				STRING_CATALOG_GENERATE_SYMBOLS = YES;
				SWIFT_APPROACHABLE_CONCURRENCY = YES;
				SWIFT_DEFAULT_ACTOR_ISOLATION = MainActor;
				SWIFT_EMIT_LOC_STRINGS = YES;
				SWIFT_UPCOMING_FEATURE_MEMBER_IMPORT_VISIBILITY = YES;
				SWIFT_VERSION = 5.0;
				TARGETED_DEVICE_FAMILY = "1,2";
			};
			name = Release;
		};
		FAA75CF12FD15AC600F1A724 /* Debug */ = {
			isa = XCBuildConfiguration;
			buildSettings = {
				BUNDLE_LOADER = "$(TEST_HOST)";
				CODE_SIGN_STYLE = Automatic;
				CURRENT_PROJECT_VERSION = 1;
				GENERATE_INFOPLIST_FILE = YES;
				IPHONEOS_DEPLOYMENT_TARGET = 26.2;
				MARKETING_VERSION = 1.0;
				PRODUCT_BUNDLE_IDENTIFIER = com.se.AquaAlertTests;
				PRODUCT_NAME = "$(TARGET_NAME)";
				STRING_CATALOG_GENERATE_SYMBOLS = NO;
				SWIFT_APPROACHABLE_CONCURRENCY = YES;
				SWIFT_EMIT_LOC_STRINGS = NO;
				SWIFT_UPCOMING_FEATURE_MEMBER_IMPORT_VISIBILITY = YES;
				SWIFT_VERSION = 5.0;
				TARGETED_DEVICE_FAMILY = "1,2";
				TEST_HOST = "$(BUILT_PRODUCTS_DIR)/AquaAlert.app/$(BUNDLE_EXECUTABLE_FOLDER_PATH)/AquaAlert";
			};
			name = Debug;
		};
		FAA75CF22FD15AC600F1A724 /* Release */ = {
			isa = XCBuildConfiguration;
			buildSettings = {
				BUNDLE_LOADER = "$(TEST_HOST)";
				CODE_SIGN_STYLE = Automatic;
				CURRENT_PROJECT_VERSION = 1;
				GENERATE_INFOPLIST_FILE = YES;
				IPHONEOS_DEPLOYMENT_TARGET = 26.2;
				MARKETING_VERSION = 1.0;
				PRODUCT_BUNDLE_IDENTIFIER = com.se.AquaAlertTests;
				PRODUCT_NAME = "$(TARGET_NAME)";
				STRING_CATALOG_GENERATE_SYMBOLS = NO;
				SWIFT_APPROACHABLE_CONCURRENCY = YES;
				SWIFT_EMIT_LOC_STRINGS = NO;
				SWIFT_UPCOMING_FEATURE_MEMBER_IMPORT_VISIBILITY = YES;
				SWIFT_VERSION = 5.0;
				TARGETED_DEVICE_FAMILY = "1,2";
				TEST_HOST = "$(BUILT_PRODUCTS_DIR)/AquaAlert.app/$(BUNDLE_EXECUTABLE_FOLDER_PATH)/AquaAlert";
			};
			name = Release;
		};
		FAA75CF42FD15AC600F1A724 /* Debug */ = {
			isa = XCBuildConfiguration;
			buildSettings = {
				CODE_SIGN_STYLE = Automatic;
				CURRENT_PROJECT_VERSION = 1;
				GENERATE_INFOPLIST_FILE = YES;
				MARKETING_VERSION = 1.0;
				PRODUCT_BUNDLE_IDENTIFIER = com.se.AquaAlertUITests;
				PRODUCT_NAME = "$(TARGET_NAME)";
				STRING_CATALOG_GENERATE_SYMBOLS = NO;
				SWIFT_APPROACHABLE_CONCURRENCY = YES;
				SWIFT_EMIT_LOC_STRINGS = NO;
				SWIFT_UPCOMING_FEATURE_MEMBER_IMPORT_VISIBILITY = YES;
				SWIFT_VERSION = 5.0;
				TARGETED_DEVICE_FAMILY = "1,2";
				TEST_TARGET_NAME = AquaAlert;
			};
			name = Debug;
		};
		FAA75CF52FD15AC600F1A724 /* Release */ = {
			isa = XCBuildConfiguration;
			buildSettings = {
				CODE_SIGN_STYLE = Automatic;
				CURRENT_PROJECT_VERSION = 1;
				GENERATE_INFOPLIST_FILE = YES;
				MARKETING_VERSION = 1.0;
				PRODUCT_BUNDLE_IDENTIFIER = com.se.AquaAlertUITests;
				PRODUCT_NAME = "$(TARGET_NAME)";
				STRING_CATALOG_GENERATE_SYMBOLS = NO;
				SWIFT_APPROACHABLE_CONCURRENCY = YES;
				SWIFT_EMIT_LOC_STRINGS = NO;
				SWIFT_UPCOMING_FEATURE_MEMBER_IMPORT_VISIBILITY = YES;
				SWIFT_VERSION = 5.0;
				TARGETED_DEVICE_FAMILY = "1,2";
				TEST_TARGET_NAME = AquaAlert;
			};
			name = Release;
		};
/* End XCBuildConfiguration section */

/* Begin XCConfigurationList section */
		FAA75CC72FD15AC300F1A724 /* Build configuration list for PBXProject "AquaAlert" */ = {
			isa = XCConfigurationList;
			buildConfigurations = (
				FAA75CEB2FD15AC600F1A724 /* Debug */,
				FAA75CEC2FD15AC600F1A724 /* Release */,
			);
			defaultConfigurationIsVisible = 0;
			defaultConfigurationName = Release;
		};
		FAA75CED2FD15AC600F1A724 /* Build configuration list for PBXNativeTarget "AquaAlert" */ = {
			isa = XCConfigurationList;
			buildConfigurations = (
				FAA75CEE2FD15AC600F1A724 /* Debug */,
				FAA75CEF2FD15AC600F1A724 /* Release */,
			);
			defaultConfigurationIsVisible = 0;
			defaultConfigurationName = Release;
		};
		FAA75CF02FD15AC600F1A724 /* Build configuration list for PBXNativeTarget "AquaAlertTests" */ = {
			isa = XCConfigurationList;
			buildConfigurations = (
				FAA75CF12FD15AC600F1A724 /* Debug */,
				FAA75CF22FD15AC600F1A724 /* Release */,
			);
			defaultConfigurationIsVisible = 0;
			defaultConfigurationName = Release;
		};
		FAA75CF32FD15AC600F1A724 /* Build configuration list for PBXNativeTarget "AquaAlertUITests" */ = {
			isa = XCConfigurationList;
			buildConfigurations = (
				FAA75CF42FD15AC600F1A724 /* Debug */,
				FAA75CF52FD15AC600F1A724 /* Release */,
			);
			defaultConfigurationIsVisible = 0;
			defaultConfigurationName = Release;
		};
/* End XCConfigurationList section */

/* Begin XCRemoteSwiftPackageReference section */
		BF7029212FD71AFA00130D29 /* XCRemoteSwiftPackageReference "firebase-ios-sdk" */ = {
			isa = XCRemoteSwiftPackageReference;
			repositoryURL = "https://github.com/firebase/firebase-ios-sdk";
			requirement = {
				kind = upToNextMajorVersion;
				minimumVersion = 12.14.0;
			};
		};
/* End XCRemoteSwiftPackageReference section */

/* Begin XCSwiftPackageProductDependency section */
		BF7029222FD71AFA00130D29 /* FirebaseAnalytics */ = {
			isa = XCSwiftPackageProductDependency;
			package = BF7029212FD71AFA00130D29 /* XCRemoteSwiftPackageReference "firebase-ios-sdk" */;
			productName = FirebaseAnalytics;
		};
		BF7029242FD71AFA00130D29 /* FirebaseAnalyticsCore */ = {
			isa = XCSwiftPackageProductDependency;
			package = BF7029212FD71AFA00130D29 /* XCRemoteSwiftPackageReference "firebase-ios-sdk" */;
			productName = FirebaseAnalyticsCore;
		};
		BF7029262FD71AFA00130D29 /* FirebaseAppCheck */ = {
			isa = XCSwiftPackageProductDependency;
			package = BF7029212FD71AFA00130D29 /* XCRemoteSwiftPackageReference "firebase-ios-sdk" */;
			productName = FirebaseAppCheck;
		};
		BF7029282FD71AFA00130D29 /* FirebaseAuth */ = {
			isa = XCSwiftPackageProductDependency;
			package = BF7029212FD71AFA00130D29 /* XCRemoteSwiftPackageReference "firebase-ios-sdk" */;
			productName = FirebaseAuth;
		};
		BF70292A2FD71AFA00130D29 /* FirebaseCore */ = {
			isa = XCSwiftPackageProductDependency;
			package = BF7029212FD71AFA00130D29 /* XCRemoteSwiftPackageReference "firebase-ios-sdk" */;
			productName = FirebaseCore;
		};
		BF70292C2FD71AFA00130D29 /* FirebaseDatabase */ = {
			isa = XCSwiftPackageProductDependency;
			package = BF7029212FD71AFA00130D29 /* XCRemoteSwiftPackageReference "firebase-ios-sdk" */;
			productName = FirebaseDatabase;
		};
		BF70292E2FD71AFA00130D29 /* FirebaseFirestore */ = {
			isa = XCSwiftPackageProductDependency;
			package = BF7029212FD71AFA00130D29 /* XCRemoteSwiftPackageReference "firebase-ios-sdk" */;
			productName = FirebaseFirestore;
		};
		BF7029302FD71AFA00130D29 /* FirebaseStorage */ = {
			isa = XCSwiftPackageProductDependency;
			package = BF7029212FD71AFA00130D29 /* XCRemoteSwiftPackageReference "firebase-ios-sdk" */;
			productName = FirebaseStorage;
		};
/* End XCSwiftPackageProductDependency section */
	};
	rootObject = FAA75CC42FD15AC300F1A724 /* Project object */;
}
